
Microsoft Visual Studio Solution File, Format Version 12.00
# Visual Studio 15
VisualStudioVersion = 15.0.28307.421
MinimumVisualStudioVersion = 10.0.40219.1
Project("{9A19103F-16F7-4668-BE54-9A1E7A4F7556}") = "CryptoValue", "CryptoValue\CryptoValue.csproj", "{1ABE316B-882E-40F7-BCAA-829B09144DF1}"
EndProject
Project("{FAE04EC0-301F-11D3-BF4B-00C04F79EFBC}") = "BitfinexAPI", "BitfinexAPI\BitfinexAPI.csproj", "{AFE6B2FD-D2C5-43A4-AC88-CB4759BFCCBD}"
EndProject
Project("{2150E333-8FDC-42A3-9474-1A3956D46DE8}") = "ExchangeAPIs", "ExchangeAPIs", "{7E6668C9-EC04-40D3-AB79-C32FA6DE2E20}"
EndProject
Project("{FAE04EC0-301F-11D3-BF4B-00C04F79EFBC}") = "BitmaxAPI", "BitmaxAPI\BitmaxAPI.csproj", "{940D6F65-74A3-4553-BF08-705485026EF5}"
EndProject
Project("{FAE04EC0-301F-11D3-BF4B-00C04F79EFBC}") = "BitforexAPI", "BitforexAPI\BitforexAPI.csproj", "{327B4CF2-1D54-4BFF-A8C8-BE66154CFE2D}"
EndProject
Project("{FAE04EC0-301F-11D3-BF4B-00C04F79EFBC}") = "BitbankAPI", "BitbankAPI\BitbankAPI.csproj", "{120B6401-5F01-4EAC-8D2F-FD18422C062D}"
EndProject
Global
	GlobalSection(SolutionConfigurationPlatforms) = preSolution
		Debug|Any CPU = Debug|Any CPU
		Release|Any CPU = Release|Any CPU
	EndGlobalSection
	GlobalSection(ProjectConfigurationPlatforms) = postSolution
		{1ABE316B-882E-40F7-BCAA-829B09144DF1}.Debug|Any CPU.ActiveCfg = Debug|Any CPU
		{1ABE316B-882E-40F7-BCAA-829B09144DF1}.Debug|Any CPU.Build.0 = Debug|Any CPU
		{1ABE316B-882E-40F7-BCAA-829B09144DF1}.Release|Any CPU.ActiveCfg = Release|Any CPU
		{1ABE316B-882E-40F7-BCAA-829B09144DF1}.Release|Any CPU.Build.0 = Release|Any CPU
		{AFE6B2FD-D2C5-43A4-AC88-CB4759BFCCBD}.Debug|Any CPU.ActiveCfg = Debug|Any CPU
		{AFE6B2FD-D2C5-43A4-AC88-CB4759BFCCBD}.Debug|Any CPU.Build.0 = Debug|Any CPU
		{AFE6B2FD-D2C5-43A4-AC88-CB4759BFCCBD}.Release|Any CPU.ActiveCfg = Release|Any CPU
		{AFE6B2FD-D2C5-43A4-AC88-CB4759BFCCBD}.Release|Any CPU.Build.0 = Release|Any CPU
		{940D6F65-74A3-4553-BF08-705485026EF5}.Debug|Any CPU.ActiveCfg = Debug|Any CPU
		{940D6F65-74A3-4553-BF08-705485026EF5}.Debug|Any CPU.Build.0 = Debug|Any CPU
		{940D6F65-74A3-4553-BF08-705485026EF5}.Release|Any CPU.ActiveCfg = Release|Any CPU
		{940D6F65-74A3-4553-BF08-705485026EF5}.Release|Any CPU.Build.0 = Release|Any CPU
		{327B4CF2-1D54-4BFF-A8C8-BE66154CFE2D}.Debug|Any CPU.ActiveCfg = Debug|Any CPU
		{327B4CF2-1D54-4BFF-A8C8-BE66154CFE2D}.Debug|Any CPU.Build.0 = Debug|Any CPU
		{327B4CF2-1D54-4BFF-A8C8-BE66154CFE2D}.Release|Any CPU.ActiveCfg = Release|Any CPU
		{327B4CF2-1D54-4BFF-A8C8-BE66154CFE2D}.Release|Any CPU.Build.0 = Release|Any CPU
		{120B6401-5F01-4EAC-8D2F-FD18422C062D}.Debug|Any CPU.ActiveCfg = Debug|Any CPU
		{120B6401-5F01-4EAC-8D2F-FD18422C062D}.Debug|Any CPU.Build.0 = Debug|Any CPU
		{120B6401-5F01-4EAC-8D2F-FD18422C062D}.Release|Any CPU.ActiveCfg = Release|Any CPU
		{120B6401-5F01-4EAC-8D2F-FD18422C062D}.Release|Any CPU.Build.0 = Release|Any CPU
	EndGlobalSection
	GlobalSection(SolutionProperties) = preSolution
		HideSolutionNode = FALSE
	EndGlobalSection
	GlobalSection(NestedProjects) = preSolution
		{AFE6B2FD-D2C5-43A4-AC88-CB4759BFCCBD} = {7E6668C9-EC04-40D3-AB79-C32FA6DE2E20}
		{940D6F65-74A3-4553-BF08-705485026EF5} = {7E6668C9-EC04-40D3-AB79-C32FA6DE2E20}
		{327B4CF2-1D54-4BFF-A8C8-BE66154CFE2D} = {7E6668C9-EC04-40D3-AB79-C32FA6DE2E20}
		{120B6401-5F01-4EAC-8D2F-FD18422C062D} = {7E6668C9-EC04-40D3-AB79-C32FA6DE2E20}
	EndGlobalSection
	GlobalSection(ExtensibilityGlobals) = postSolution
		SolutionGuid = {47FC6AC4-BF16-40FB-B160-93B086185394}
	EndGlobalSection
EndGlobal
